
Microsoft Visual Studio Solution File, Format Version 12.00
# Visual Studio Version 16
VisualStudioVersion = 16.0.30804.86
MinimumVisualStudioVersion = 10.0.40219.1
Project("{2150E333-8FDC-42A3-9474-1A3956D46DE8}") = "BLL", "BLL", "{139A4DD2-6FFC-4C8F-A2BC-57E76270F5EA}"
EndProject
Project("{2150E333-8FDC-42A3-9474-1A3956D46DE8}") = "DAL", "DAL", "{5E505DB1-69DB-49CF-A628-FE208E299462}"
EndProject
Project("{2150E333-8FDC-42A3-9474-1A3956D46DE8}") = "API", "API", "{407FC6A5-62C6-4B93-94DD-7A5009104799}"
EndProject
Project("{2150E333-8FDC-42A3-9474-1A3956D46DE8}") = "Common", "Common", "{01190A55-49FF-4AC2-A034-82CBCEBF43E8}"
EndProject
Project("{2150E333-8FDC-42A3-9474-1A3956D46DE8}") = "Model", "Model", "{80084C86-E278-4CA0-ADEF-B8E5E99C36B5}"
EndProject
Project("{9A19103F-16F7-4668-BE54-9A1E7A4F7556}") = "CC.GraduationProject.API", "CC.GraduationProject.API\CC.GraduationProject.API.csproj", "{AB15EB0D-D3CA-41E1-8A61-FF4EFD4C1224}"
EndProject
Project("{9A19103F-16F7-4668-BE54-9A1E7A4F7556}") = "CC.GraduationProject.Model", "CC.GraduationProject.Model\CC.GraduationProject.Model.csproj", "{9402F1BC-D27F-4DCA-B045-1232C7312574}"
EndProject
Project("{9A19103F-16F7-4668-BE54-9A1E7A4F7556}") = "CC.GraduationProject.DALFactory", "CC.GraduationProject.DALFactory\CC.GraduationProject.DALFactory.csproj", "{E2758F54-EFF7-418F-886C-F8053887CB78}"
EndProject
Project("{9A19103F-16F7-4668-BE54-9A1E7A4F7556}") = "CC.GraduationProject.EFDAL", "CC.GraduationProject.EFDAL\CC.GraduationProject.EFDAL.csproj", "{59D27828-4A55-4383-ABAE-90843382BAB0}"
EndProject
Project("{9A19103F-16F7-4668-BE54-9A1E7A4F7556}") = "CC.GraduationProject.IDAL", "CC.GraduationProject.IDAL\CC.GraduationProject.IDAL.csproj", "{7B7C30DD-C8DE-451B-8F12-EE220A70A66D}"
EndProject
Project("{9A19103F-16F7-4668-BE54-9A1E7A4F7556}") = "CC.GraduationProject.Common", "CC.GraduationProject.Common\CC.GraduationProject.Common.csproj", "{66FD7E75-0E43-446E-A471-300F9AEE66D4}"
EndProject
Project("{9A19103F-16F7-4668-BE54-9A1E7A4F7556}") = "CC.GraduationProject.BLL", "CC.GraduationProject.BLL\CC.GraduationProject.BLL.csproj", "{EF07E804-6AEE-4D6B-982F-A6B02C1C1C85}"
EndProject
Project("{9A19103F-16F7-4668-BE54-9A1E7A4F7556}") = "CC.GraduationProject.IBLL", "CC.GraduationProject.IBLL\CC.GraduationProject.IBLL.csproj", "{390C191B-1BF9-4B43-8EB6-C59641445D0C}"
EndProject
Project("{FAE04EC0-301F-11D3-BF4B-00C04F79EFBC}") = "CC.GraduationProject.ViewModel", "CC.GraduationProject.ViewModel\CC.GraduationProject.ViewModel.csproj", "{FF43104A-E66C-4965-8A76-0B032B6614FA}"
EndProject
Global
	GlobalSection(SolutionConfigurationPlatforms) = preSolution
		Debug|Any CPU = Debug|Any CPU
		Release|Any CPU = Release|Any CPU
	EndGlobalSection
	GlobalSection(ProjectConfigurationPlatforms) = postSolution
		{AB15EB0D-D3CA-41E1-8A61-FF4EFD4C1224}.Debug|Any CPU.ActiveCfg = Debug|Any CPU
		{AB15EB0D-D3CA-41E1-8A61-FF4EFD4C1224}.Debug|Any CPU.Build.0 = Debug|Any CPU
		{AB15EB0D-D3CA-41E1-8A61-FF4EFD4C1224}.Release|Any CPU.ActiveCfg = Release|Any CPU
		{AB15EB0D-D3CA-41E1-8A61-FF4EFD4C1224}.Release|Any CPU.Build.0 = Release|Any CPU
		{9402F1BC-D27F-4DCA-B045-1232C7312574}.Debug|Any CPU.ActiveCfg = Debug|Any CPU
		{9402F1BC-D27F-4DCA-B045-1232C7312574}.Debug|Any CPU.Build.0 = Debug|Any CPU
		{9402F1BC-D27F-4DCA-B045-1232C7312574}.Release|Any CPU.ActiveCfg = Release|Any CPU
		{9402F1BC-D27F-4DCA-B045-1232C7312574}.Release|Any CPU.Build.0 = Release|Any CPU
		{E2758F54-EFF7-418F-886C-F8053887CB78}.Debug|Any CPU.ActiveCfg = Debug|Any CPU
		{E2758F54-EFF7-418F-886C-F8053887CB78}.Debug|Any CPU.Build.0 = Debug|Any CPU
		{E2758F54-EFF7-418F-886C-F8053887CB78}.Release|Any CPU.ActiveCfg = Release|Any CPU
		{E2758F54-EFF7-418F-886C-F8053887CB78}.Release|Any CPU.Build.0 = Release|Any CPU
		{59D27828-4A55-4383-ABAE-90843382BAB0}.Debug|Any CPU.ActiveCfg = Debug|Any CPU
		{59D27828-4A55-4383-ABAE-90843382BAB0}.Debug|Any CPU.Build.0 = Debug|Any CPU
		{59D27828-4A55-4383-ABAE-90843382BAB0}.Release|Any CPU.ActiveCfg = Release|Any CPU
		{59D27828-4A55-4383-ABAE-90843382BAB0}.Release|Any CPU.Build.0 = Release|Any CPU
		{7B7C30DD-C8DE-451B-8F12-EE220A70A66D}.Debug|Any CPU.ActiveCfg = Debug|Any CPU
		{7B7C30DD-C8DE-451B-8F12-EE220A70A66D}.Debug|Any CPU.Build.0 = Debug|Any CPU
		{7B7C30DD-C8DE-451B-8F12-EE220A70A66D}.Release|Any CPU.ActiveCfg = Release|Any CPU
		{7B7C30DD-C8DE-451B-8F12-EE220A70A66D}.Release|Any CPU.Build.0 = Release|Any CPU
		{66FD7E75-0E43-446E-A471-300F9AEE66D4}.Debug|Any CPU.ActiveCfg = Debug|Any CPU
		{66FD7E75-0E43-446E-A471-300F9AEE66D4}.Debug|Any CPU.Build.0 = Debug|Any CPU
		{66FD7E75-0E43-446E-A471-300F9AEE66D4}.Release|Any CPU.ActiveCfg = Release|Any CPU
		{66FD7E75-0E43-446E-A471-300F9AEE66D4}.Release|Any CPU.Build.0 = Release|Any CPU
		{EF07E804-6AEE-4D6B-982F-A6B02C1C1C85}.Debug|Any CPU.ActiveCfg = Debug|Any CPU
		{EF07E804-6AEE-4D6B-982F-A6B02C1C1C85}.Debug|Any CPU.Build.0 = Debug|Any CPU
		{EF07E804-6AEE-4D6B-982F-A6B02C1C1C85}.Release|Any CPU.ActiveCfg = Release|Any CPU
		{EF07E804-6AEE-4D6B-982F-A6B02C1C1C85}.Release|Any CPU.Build.0 = Release|Any CPU
		{390C191B-1BF9-4B43-8EB6-C59641445D0C}.Debug|Any CPU.ActiveCfg = Debug|Any CPU
		{390C191B-1BF9-4B43-8EB6-C59641445D0C}.Debug|Any CPU.Build.0 = Debug|Any CPU
		{390C191B-1BF9-4B43-8EB6-C59641445D0C}.Release|Any CPU.ActiveCfg = Release|Any CPU
		{390C191B-1BF9-4B43-8EB6-C59641445D0C}.Release|Any CPU.Build.0 = Release|Any CPU
		{FF43104A-E66C-4965-8A76-0B032B6614FA}.Debug|Any CPU.ActiveCfg = Debug|Any CPU
		{FF43104A-E66C-4965-8A76-0B032B6614FA}.Debug|Any CPU.Build.0 = Debug|Any CPU
		{FF43104A-E66C-4965-8A76-0B032B6614FA}.Release|Any CPU.ActiveCfg = Release|Any CPU
		{FF43104A-E66C-4965-8A76-0B032B6614FA}.Release|Any CPU.Build.0 = Release|Any CPU
	EndGlobalSection
	GlobalSection(SolutionProperties) = preSolution
		HideSolutionNode = FALSE
	EndGlobalSection
	GlobalSection(NestedProjects) = preSolution
		{AB15EB0D-D3CA-41E1-8A61-FF4EFD4C1224} = {407FC6A5-62C6-4B93-94DD-7A5009104799}
		{9402F1BC-D27F-4DCA-B045-1232C7312574} = {80084C86-E278-4CA0-ADEF-B8E5E99C36B5}
		{E2758F54-EFF7-418F-886C-F8053887CB78} = {5E505DB1-69DB-49CF-A628-FE208E299462}
		{59D27828-4A55-4383-ABAE-90843382BAB0} = {5E505DB1-69DB-49CF-A628-FE208E299462}
		{7B7C30DD-C8DE-451B-8F12-EE220A70A66D} = {5E505DB1-69DB-49CF-A628-FE208E299462}
		{66FD7E75-0E43-446E-A471-300F9AEE66D4} = {01190A55-49FF-4AC2-A034-82CBCEBF43E8}
		{EF07E804-6AEE-4D6B-982F-A6B02C1C1C85} = {139A4DD2-6FFC-4C8F-A2BC-57E76270F5EA}
		{390C191B-1BF9-4B43-8EB6-C59641445D0C} = {139A4DD2-6FFC-4C8F-A2BC-57E76270F5EA}
		{FF43104A-E66C-4965-8A76-0B032B6614FA} = {80084C86-E278-4CA0-ADEF-B8E5E99C36B5}
	EndGlobalSection
	GlobalSection(ExtensibilityGlobals) = postSolution
		SolutionGuid = {57D9F047-5ECC-438A-BBED-96D706E4E98A}
	EndGlobalSection
EndGlobal
